
Microsoft Visual Studio Solution File, Format Version 12.00
# Visual Studio Version 16
VisualStudioVersion = 16.0.32002.261
MinimumVisualStudioVersion = 10.0.40219.1
Project("{FAE04EC0-301F-11D3-BF4B-00C04F79EFBC}") = "MarketCoin", "MarketCoin\MarketCoin.csproj", "{2FF2538D-011B-4390-9A60-9264FC35AA16}"
EndProject
Global
	GlobalSection(SolutionConfigurationPlatforms) = preSolution
		Debug|Any CPU = Debug|Any CPU
		Release|Any CPU = Release|Any CPU
	EndGlobalSection
	GlobalSection(ProjectConfigurationPlatforms) = postSolution
		{2FF2538D-011B-4390-9A60-9264FC35AA16}.Debug|Any CPU.ActiveCfg = Debug|Any CPU
		{2FF2538D-011B-4390-9A60-9264FC35AA16}.Debug|Any CPU.Build.0 = Debug|Any CPU
		{2FF2538D-011B-4390-9A60-9264FC35AA16}.Release|Any CPU.ActiveCfg = Release|Any CPU
		{2FF2538D-011B-4390-9A60-9264FC35AA16}.Release|Any CPU.Build.0 = Release|Any CPU
	EndGlobalSection
	GlobalSection(SolutionProperties) = preSolution
		HideSolutionNode = FALSE
	EndGlobalSection
	GlobalSection(ExtensibilityGlobals) = postSolution
		SolutionGuid = {C40D571D-D14A-4F73-9966-0AD37CFE6D92}
	EndGlobalSection
EndGlobal
